// !$*UTF8*$!
{
	archiveVersion = 1;
	classes = {
	};
	objectVersion = 55;
	objects = {

/* Begin PBXBuildFile section */
		160C844B18673862BFF170E3 /* Pods_InvestApp.framework in Frameworks */ = {isa = PBXBuildFile; fileRef = C2BD9E051ED19417C414732D /* Pods_InvestApp.framework */; };
		C28875592B078CC400909EF7 /* K.swift in Sources */ = {isa = PBXBuildFile; fileRef = C28875582B078CC400909EF7 /* K.swift */; };
		C28875672B0876DA00909EF7 /* HomeViewController.swift in Sources */ = {isa = PBXBuildFile; fileRef = C28875662B0876DA00909EF7 /* HomeViewController.swift */; };
		C288756A2B087A5000909EF7 /* HomeStockCell.swift in Sources */ = {isa = PBXBuildFile; fileRef = C28875682B087A5000909EF7 /* HomeStockCell.swift */; };
		C288756B2B087A5000909EF7 /* HomeStockCell.xib in Resources */ = {isa = PBXBuildFile; fileRef = C28875692B087A5000909EF7 /* HomeStockCell.xib */; };
		C288756D2B08818000909EF7 /* StockData.swift in Sources */ = {isa = PBXBuildFile; fileRef = C288756C2B08818000909EF7 /* StockData.swift */; };
		C288756F2B08833C00909EF7 /* StockManager.swift in Sources */ = {isa = PBXBuildFile; fileRef = C288756E2B08833C00909EF7 /* StockManager.swift */; };
		C28875712B089E4500909EF7 /* AccessTokenData.swift in Sources */ = {isa = PBXBuildFile; fileRef = C28875702B089E4500909EF7 /* AccessTokenData.swift */; };
		C28875732B08ADA100909EF7 /* StockModel.swift in Sources */ = {isa = PBXBuildFile; fileRef = C28875722B08ADA100909EF7 /* StockModel.swift */; };
		C28875882B0936D200909EF7 /* DetailViewController.swift in Sources */ = {isa = PBXBuildFile; fileRef = C28875872B0936D200909EF7 /* DetailViewController.swift */; };
		C288758A2B09462B00909EF7 /* APIService.swift in Sources */ = {isa = PBXBuildFile; fileRef = C28875892B09462B00909EF7 /* APIService.swift */; };
		C288758E2B09FCB500909EF7 /* OrderCashData.swift in Sources */ = {isa = PBXBuildFile; fileRef = C288758D2B09FCB500909EF7 /* OrderCashData.swift */; };
		C28875902B0A171000909EF7 /* AccountData.swift in Sources */ = {isa = PBXBuildFile; fileRef = C288758F2B0A171000909EF7 /* AccountData.swift */; };
		C2A81C5E2AFF702F004F5B11 /* AppDelegate.swift in Sources */ = {isa = PBXBuildFile; fileRef = C2A81C5D2AFF702F004F5B11 /* AppDelegate.swift */; };
		C2A81C602AFF702F004F5B11 /* SceneDelegate.swift in Sources */ = {isa = PBXBuildFile; fileRef = C2A81C5F2AFF702F004F5B11 /* SceneDelegate.swift */; };
		C2A81C652AFF702F004F5B11 /* Main.storyboard in Resources */ = {isa = PBXBuildFile; fileRef = C2A81C632AFF702F004F5B11 /* Main.storyboard */; };
		C2A81C672AFF7030004F5B11 /* Assets.xcassets in Resources */ = {isa = PBXBuildFile; fileRef = C2A81C662AFF7030004F5B11 /* Assets.xcassets */; };
		C2A81C6A2AFF7030004F5B11 /* LaunchScreen.storyboard in Resources */ = {isa = PBXBuildFile; fileRef = C2A81C682AFF7030004F5B11 /* LaunchScreen.storyboard */; };
		C2D02CA52B14246B00011A82 /* OrderCashModel.swift in Sources */ = {isa = PBXBuildFile; fileRef = C2D02CA42B14246B00011A82 /* OrderCashModel.swift */; };
		C2D02CA72B15307400011A82 /* PopupViewController.swift in Sources */ = {isa = PBXBuildFile; fileRef = C2D02CA62B15307400011A82 /* PopupViewController.swift */; };
		C2D02CAB2B15321000011A82 /* PopupViewController.storyboard in Resources */ = {isa = PBXBuildFile; fileRef = C2D02CAA2B15321000011A82 /* PopupViewController.storyboard */; };
		C2D02CAD2B153D0500011A82 /* OrderCompleteViewController.swift in Sources */ = {isa = PBXBuildFile; fileRef = C2D02CAC2B153D0500011A82 /* OrderCompleteViewController.swift */; };
		C2F7146B2B0F5AE500F85B2A /* TradingManager.swift in Sources */ = {isa = PBXBuildFile; fileRef = C2F7146A2B0F5AE500F85B2A /* TradingManager.swift */; };
		C2F7146F2B0FC4A800F85B2A /* location.csv in Resources */ = {isa = PBXBuildFile; fileRef = C2F7146E2B0FC4A800F85B2A /* location.csv */; };
		C2F714712B0FCE2800F85B2A /* StockList.csv in Resources */ = {isa = PBXBuildFile; fileRef = C2F714702B0FCE2800F85B2A /* StockList.csv */; };
		C2F714732B121A5000F85B2A /* TradingTMViewController.swift in Sources */ = {isa = PBXBuildFile; fileRef = C2F714722B121A5000F85B2A /* TradingTMViewController.swift */; };
		C2F714752B121B7B00F85B2A /* OrderCashTabViewController.swift in Sources */ = {isa = PBXBuildFile; fileRef = C2F714742B121B7B00F85B2A /* OrderCashTabViewController.swift */; };
		C2F714792B1230B700F85B2A /* TabBarController.swift in Sources */ = {isa = PBXBuildFile; fileRef = C2F714782B1230B700F85B2A /* TabBarController.swift */; };
		C2F7147B2B12800700F85B2A /* OrderCashTabView.swift in Sources */ = {isa = PBXBuildFile; fileRef = C2F7147A2B12800700F85B2A /* OrderCashTabView.swift */; };
		C2F7147D2B12823600F85B2A /* RvsecnclTabView.swift in Sources */ = {isa = PBXBuildFile; fileRef = C2F7147C2B12823600F85B2A /* RvsecnclTabView.swift */; };
		C2F7147F2B12A1E400F85B2A /* AccountViewController.swift in Sources */ = {isa = PBXBuildFile; fileRef = C2F7147E2B12A1E400F85B2A /* AccountViewController.swift */; };
		C2F714812B12B6B500F85B2A /* OrderCashViewController.swift in Sources */ = {isa = PBXBuildFile; fileRef = C2F714802B12B6B500F85B2A /* OrderCashViewController.swift */; };
		C2F714832B12C84B00F85B2A /* OrderConfirmViewController.swift in Sources */ = {isa = PBXBuildFile; fileRef = C2F714822B12C84B00F85B2A /* OrderConfirmViewController.swift */; };
		C2F714852B12CA7000F85B2A /* OrderCompleteView.swift in Sources */ = {isa = PBXBuildFile; fileRef = C2F714842B12CA7000F85B2A /* OrderCompleteView.swift */; };
		C2F714872B139A2D00F85B2A /* MyKeyboardView.xib in Resources */ = {isa = PBXBuildFile; fileRef = C2F714862B139A2D00F85B2A /* MyKeyboardView.xib */; };
		C2F714892B139A8300F85B2A /* MyKeyboardView.swift in Sources */ = {isa = PBXBuildFile; fileRef = C2F714882B139A8300F85B2A /* MyKeyboardView.swift */; };
/* End PBXBuildFile section */

/* Begin PBXFileReference section */
		77927A8C39D19396D9454AAA /* Pods-InvestApp.debug.xcconfig */ = {isa = PBXFileReference; includeInIndex = 1; lastKnownFileType = text.xcconfig; name = "Pods-InvestApp.debug.xcconfig"; path = "Target Support Files/Pods-InvestApp/Pods-InvestApp.debug.xcconfig"; sourceTree = "<group>"; };
		C28875582B078CC400909EF7 /* K.swift */ = {isa = PBXFileReference; lastKnownFileType = sourcecode.swift; path = K.swift; sourceTree = "<group>"; };
		C28875662B0876DA00909EF7 /* HomeViewController.swift */ = {isa = PBXFileReference; lastKnownFileType = sourcecode.swift; path = HomeViewController.swift; sourceTree = "<group>"; };
		C28875682B087A5000909EF7 /* HomeStockCell.swift */ = {isa = PBXFileReference; lastKnownFileType = sourcecode.swift; path = HomeStockCell.swift; sourceTree = "<group>"; };
		C28875692B087A5000909EF7 /* HomeStockCell.xib */ = {isa = PBXFileReference; lastKnownFileType = file.xib; path = HomeStockCell.xib; sourceTree = "<group>"; };
		C288756C2B08818000909EF7 /* StockData.swift */ = {isa = PBXFileReference; lastKnownFileType = sourcecode.swift; name = StockData.swift; path = InvestApp/Model/Stock/StockData.swift; sourceTree = SOURCE_ROOT; };
		C288756E2B08833C00909EF7 /* StockManager.swift */ = {isa = PBXFileReference; lastKnownFileType = sourcecode.swift; path = StockManager.swift; sourceTree = "<group>"; };
		C28875702B089E4500909EF7 /* AccessTokenData.swift */ = {isa = PBXFileReference; lastKnownFileType = sourcecode.swift; path = AccessTokenData.swift; sourceTree = "<group>"; };
		C28875722B08ADA100909EF7 /* StockModel.swift */ = {isa = PBXFileReference; lastKnownFileType = sourcecode.swift; path = StockModel.swift; sourceTree = "<group>"; };
		C28875872B0936D200909EF7 /* DetailViewController.swift */ = {isa = PBXFileReference; lastKnownFileType = sourcecode.swift; path = DetailViewController.swift; sourceTree = "<group>"; };
		C28875892B09462B00909EF7 /* APIService.swift */ = {isa = PBXFileReference; lastKnownFileType = sourcecode.swift; path = APIService.swift; sourceTree = "<group>"; };
		C288758D2B09FCB500909EF7 /* OrderCashData.swift */ = {isa = PBXFileReference; lastKnownFileType = sourcecode.swift; path = OrderCashData.swift; sourceTree = "<group>"; };
		C288758F2B0A171000909EF7 /* AccountData.swift */ = {isa = PBXFileReference; lastKnownFileType = sourcecode.swift; path = AccountData.swift; sourceTree = "<group>"; };
		C2A81C5A2AFF702F004F5B11 /* InvestApp.app */ = {isa = PBXFileReference; explicitFileType = wrapper.application; includeInIndex = 0; path = InvestApp.app; sourceTree = BUILT_PRODUCTS_DIR; };
		C2A81C5D2AFF702F004F5B11 /* AppDelegate.swift */ = {isa = PBXFileReference; lastKnownFileType = sourcecode.swift; path = AppDelegate.swift; sourceTree = "<group>"; };
		C2A81C5F2AFF702F004F5B11 /* SceneDelegate.swift */ = {isa = PBXFileReference; lastKnownFileType = sourcecode.swift; path = SceneDelegate.swift; sourceTree = "<group>"; };
		C2A81C642AFF702F004F5B11 /* Base */ = {isa = PBXFileReference; lastKnownFileType = file.storyboard; name = Base; path = Base.lproj/Main.storyboard; sourceTree = "<group>"; };
		C2A81C662AFF7030004F5B11 /* Assets.xcassets */ = {isa = PBXFileReference; lastKnownFileType = folder.assetcatalog; path = Assets.xcassets; sourceTree = "<group>"; };
		C2A81C692AFF7030004F5B11 /* Base */ = {isa = PBXFileReference; lastKnownFileType = file.storyboard; name = Base; path = Base.lproj/LaunchScreen.storyboard; sourceTree = "<group>"; };
		C2A81C6B2AFF7030004F5B11 /* Info.plist */ = {isa = PBXFileReference; lastKnownFileType = text.plist.xml; path = Info.plist; sourceTree = "<group>"; };
		C2BD9E051ED19417C414732D /* Pods_InvestApp.framework */ = {isa = PBXFileReference; explicitFileType = wrapper.framework; includeInIndex = 0; path = Pods_InvestApp.framework; sourceTree = BUILT_PRODUCTS_DIR; };
		C2D02CA42B14246B00011A82 /* OrderCashModel.swift */ = {isa = PBXFileReference; lastKnownFileType = sourcecode.swift; path = OrderCashModel.swift; sourceTree = "<group>"; };
		C2D02CA62B15307400011A82 /* PopupViewController.swift */ = {isa = PBXFileReference; lastKnownFileType = sourcecode.swift; path = PopupViewController.swift; sourceTree = "<group>"; };
		C2D02CAA2B15321000011A82 /* PopupViewController.storyboard */ = {isa = PBXFileReference; lastKnownFileType = file.storyboard; path = PopupViewController.storyboard; sourceTree = "<group>"; };
		C2D02CAC2B153D0500011A82 /* OrderCompleteViewController.swift */ = {isa = PBXFileReference; lastKnownFileType = sourcecode.swift; path = OrderCompleteViewController.swift; sourceTree = "<group>"; };
		C2F7146A2B0F5AE500F85B2A /* TradingManager.swift */ = {isa = PBXFileReference; lastKnownFileType = sourcecode.swift; path = TradingManager.swift; sourceTree = "<group>"; };
		C2F7146E2B0FC4A800F85B2A /* location.csv */ = {isa = PBXFileReference; fileEncoding = 4; lastKnownFileType = text; path = location.csv; sourceTree = "<group>"; };
		C2F714702B0FCE2800F85B2A /* StockList.csv */ = {isa = PBXFileReference; fileEncoding = 4; lastKnownFileType = text; path = StockList.csv; sourceTree = "<group>"; };
		C2F714722B121A5000F85B2A /* TradingTMViewController.swift */ = {isa = PBXFileReference; lastKnownFileType = sourcecode.swift; path = TradingTMViewController.swift; sourceTree = "<group>"; };
		C2F714742B121B7B00F85B2A /* OrderCashTabViewController.swift */ = {isa = PBXFileReference; lastKnownFileType = sourcecode.swift; path = OrderCashTabViewController.swift; sourceTree = "<group>"; };
		C2F714782B1230B700F85B2A /* TabBarController.swift */ = {isa = PBXFileReference; lastKnownFileType = sourcecode.swift; path = TabBarController.swift; sourceTree = "<group>"; };
		C2F7147A2B12800700F85B2A /* OrderCashTabView.swift */ = {isa = PBXFileReference; lastKnownFileType = sourcecode.swift; path = OrderCashTabView.swift; sourceTree = "<group>"; };
		C2F7147C2B12823600F85B2A /* RvsecnclTabView.swift */ = {isa = PBXFileReference; lastKnownFileType = sourcecode.swift; path = RvsecnclTabView.swift; sourceTree = "<group>"; };
		C2F7147E2B12A1E400F85B2A /* AccountViewController.swift */ = {isa = PBXFileReference; lastKnownFileType = sourcecode.swift; path = AccountViewController.swift; sourceTree = "<group>"; };
		C2F714802B12B6B500F85B2A /* OrderCashViewController.swift */ = {isa = PBXFileReference; lastKnownFileType = sourcecode.swift; path = OrderCashViewController.swift; sourceTree = "<group>"; };
		C2F714822B12C84B00F85B2A /* OrderConfirmViewController.swift */ = {isa = PBXFileReference; lastKnownFileType = sourcecode.swift; path = OrderConfirmViewController.swift; sourceTree = "<group>"; };
		C2F714842B12CA7000F85B2A /* OrderCompleteView.swift */ = {isa = PBXFileReference; lastKnownFileType = sourcecode.swift; path = OrderCompleteView.swift; sourceTree = "<group>"; };
		C2F714862B139A2D00F85B2A /* MyKeyboardView.xib */ = {isa = PBXFileReference; lastKnownFileType = file.xib; path = MyKeyboardView.xib; sourceTree = "<group>"; };
		C2F714882B139A8300F85B2A /* MyKeyboardView.swift */ = {isa = PBXFileReference; lastKnownFileType = sourcecode.swift; path = MyKeyboardView.swift; sourceTree = "<group>"; };
		E79728C7B830F6102A429422 /* Pods-InvestApp.release.xcconfig */ = {isa = PBXFileReference; includeInIndex = 1; lastKnownFileType = text.xcconfig; name = "Pods-InvestApp.release.xcconfig"; path = "Target Support Files/Pods-InvestApp/Pods-InvestApp.release.xcconfig"; sourceTree = "<group>"; };
/* End PBXFileReference section */

/* Begin PBXFrameworksBuildPhase section */
		C2A81C572AFF702F004F5B11 /* Frameworks */ = {
			isa = PBXFrameworksBuildPhase;
			buildActionMask = 2147483647;
			files = (
				160C844B18673862BFF170E3 /* Pods_InvestApp.framework in Frameworks */,
			);
			runOnlyForDeploymentPostprocessing = 0;
		};
/* End PBXFrameworksBuildPhase section */

/* Begin PBXGroup section */
		82A74AC178C8F51F56CEA376 /* Frameworks */ = {
			isa = PBXGroup;
			children = (
				C2BD9E051ED19417C414732D /* Pods_InvestApp.framework */,
			);
			name = Frameworks;
			sourceTree = "<group>";
		};
		C2A81C512AFF702F004F5B11 = {
			isa = PBXGroup;
			children = (
				C2A81C5C2AFF702F004F5B11 /* InvestApp */,
				C2A81C5B2AFF702F004F5B11 /* Products */,
				FD03B7753B2980403AB113A8 /* Pods */,
				82A74AC178C8F51F56CEA376 /* Frameworks */,
			);
			sourceTree = "<group>";
		};
		C2A81C5B2AFF702F004F5B11 /* Products */ = {
			isa = PBXGroup;
			children = (
				C2A81C5A2AFF702F004F5B11 /* InvestApp.app */,
			);
			name = Products;
			sourceTree = "<group>";
		};
		C2A81C5C2AFF702F004F5B11 /* InvestApp */ = {
			isa = PBXGroup;
			children = (
				C2A81C712AFF7037004F5B11 /* Model */,
				C2A81C732AFF7051004F5B11 /* Controller */,
				C2A81C722AFF703D004F5B11 /* View */,
				C2A81C5D2AFF702F004F5B11 /* AppDelegate.swift */,
				C2A81C5F2AFF702F004F5B11 /* SceneDelegate.swift */,
				C2A81C662AFF7030004F5B11 /* Assets.xcassets */,
				C2A81C682AFF7030004F5B11 /* LaunchScreen.storyboard */,
				C2F714702B0FCE2800F85B2A /* StockList.csv */,
				C2F7146E2B0FC4A800F85B2A /* location.csv */,
				C2A81C6B2AFF7030004F5B11 /* Info.plist */,
				C28875582B078CC400909EF7 /* K.swift */,
			);
			path = InvestApp;
			sourceTree = "<group>";
		};
		C2A81C712AFF7037004F5B11 /* Model */ = {
			isa = PBXGroup;
			children = (
				C2D02CB12B16343500011A82 /* API */,
				C2D02CB02B15E0FB00011A82 /* Account */,
				C2D02CAF2B15E0ED00011A82 /* Trading */,
				C2D02CAE2B15E0E100011A82 /* Stock */,
			);
			path = Model;
			sourceTree = "<group>";
		};
		C2A81C722AFF703D004F5B11 /* View */ = {
			isa = PBXGroup;
			children = (
				C2A81C632AFF702F004F5B11 /* Main.storyboard */,
				C28875682B087A5000909EF7 /* HomeStockCell.swift */,
				C28875692B087A5000909EF7 /* HomeStockCell.xib */,
				C2F714862B139A2D00F85B2A /* MyKeyboardView.xib */,
				C2F714882B139A8300F85B2A /* MyKeyboardView.swift */,
				C2D02CA62B15307400011A82 /* PopupViewController.swift */,
				C2D02CAA2B15321000011A82 /* PopupViewController.storyboard */,
			);
			path = View;
			sourceTree = "<group>";
		};
		C2A81C732AFF7051004F5B11 /* Controller */ = {
			isa = PBXGroup;
			children = (
				C2D02CB42B1655B200011A82 /* Order */,
				C2D02CB32B16559B00011A82 /* Trading */,
				C2D02CB22B16558E00011A82 /* Home */,
			);
			path = Controller;
			sourceTree = "<group>";
		};
		C2D02CAE2B15E0E100011A82 /* Stock */ = {
			isa = PBXGroup;
			children = (
				C288756E2B08833C00909EF7 /* StockManager.swift */,
				C288756C2B08818000909EF7 /* StockData.swift */,
				C28875722B08ADA100909EF7 /* StockModel.swift */,
			);
			path = Stock;
			sourceTree = "<group>";
		};
		C2D02CAF2B15E0ED00011A82 /* Trading */ = {
			isa = PBXGroup;
			children = (
				C2F7146A2B0F5AE500F85B2A /* TradingManager.swift */,
				C288758D2B09FCB500909EF7 /* OrderCashData.swift */,
				C2D02CA42B14246B00011A82 /* OrderCashModel.swift */,
			);
			path = Trading;
			sourceTree = "<group>";
		};
		C2D02CB02B15E0FB00011A82 /* Account */ = {
			isa = PBXGroup;
			children = (
				C288758F2B0A171000909EF7 /* AccountData.swift */,
			);
			path = Account;
			sourceTree = "<group>";
		};
		C2D02CB12B16343500011A82 /* API */ = {
			isa = PBXGroup;
			children = (
				C28875702B089E4500909EF7 /* AccessTokenData.swift */,
				C28875892B09462B00909EF7 /* APIService.swift */,
			);
			path = API;
			sourceTree = "<group>";
		};
		C2D02CB22B16558E00011A82 /* Home */ = {
			isa = PBXGroup;
			children = (
				C28875662B0876DA00909EF7 /* HomeViewController.swift */,
				C28875872B0936D200909EF7 /* DetailViewController.swift */,
			);
			path = Home;
			sourceTree = "<group>";
		};
		C2D02CB32B16559B00011A82 /* Trading */ = {
			isa = PBXGroup;
			children = (
				C2F714742B121B7B00F85B2A /* OrderCashTabViewController.swift */,
				C2F714722B121A5000F85B2A /* TradingTMViewController.swift */,
				C2F714782B1230B700F85B2A /* TabBarController.swift */,
				C2F7147C2B12823600F85B2A /* RvsecnclTabView.swift */,
				C2F7147E2B12A1E400F85B2A /* AccountViewController.swift */,
			);
			path = Trading;
			sourceTree = "<group>";
		};
		C2D02CB42B1655B200011A82 /* Order */ = {
			isa = PBXGroup;
			children = (
				C2F7147A2B12800700F85B2A /* OrderCashTabView.swift */,
				C2F714802B12B6B500F85B2A /* OrderCashViewController.swift */,
				C2F714822B12C84B00F85B2A /* OrderConfirmViewController.swift */,
				C2F714842B12CA7000F85B2A /* OrderCompleteView.swift */,
				C2D02CAC2B153D0500011A82 /* OrderCompleteViewController.swift */,
			);
			path = Order;
			sourceTree = "<group>";
		};
		FD03B7753B2980403AB113A8 /* Pods */ = {
			isa = PBXGroup;
			children = (
				77927A8C39D19396D9454AAA /* Pods-InvestApp.debug.xcconfig */,
				E79728C7B830F6102A429422 /* Pods-InvestApp.release.xcconfig */,
			);
			path = Pods;
			sourceTree = "<group>";
		};
/* End PBXGroup section */

/* Begin PBXNativeTarget section */
		C2A81C592AFF702F004F5B11 /* InvestApp */ = {
			isa = PBXNativeTarget;
			buildConfigurationList = C2A81C6E2AFF7030004F5B11 /* Build configuration list for PBXNativeTarget "InvestApp" */;
			buildPhases = (
				F1830C74EB50B1776FE243F4 /* [CP] Check Pods Manifest.lock */,
				C2A81C562AFF702F004F5B11 /* Sources */,
				C2A81C572AFF702F004F5B11 /* Frameworks */,
				C2A81C582AFF702F004F5B11 /* Resources */,
				536E11973815139D7D1B0884 /* [CP] Embed Pods Frameworks */,
			);
			buildRules = (
			);
			dependencies = (
			);
			name = InvestApp;
			productName = InvestApp;
			productReference = C2A81C5A2AFF702F004F5B11 /* InvestApp.app */;
			productType = "com.apple.product-type.application";
		};
/* End PBXNativeTarget section */

/* Begin PBXProject section */
		C2A81C522AFF702F004F5B11 /* Project object */ = {
			isa = PBXProject;
			attributes = {
				BuildIndependentTargetsInParallel = 1;
				LastSwiftUpdateCheck = 1310;
				LastUpgradeCheck = 1310;
				TargetAttributes = {
					C2A81C592AFF702F004F5B11 = {
						CreatedOnToolsVersion = 13.1;
					};
				};
			};
			buildConfigurationList = C2A81C552AFF702F004F5B11 /* Build configuration list for PBXProject "InvestApp" */;
			compatibilityVersion = "Xcode 13.0";
			developmentRegion = en;
			hasScannedForEncodings = 0;
			knownRegions = (
				en,
				Base,
			);
			mainGroup = C2A81C512AFF702F004F5B11;
			productRefGroup = C2A81C5B2AFF702F004F5B11 /* Products */;
			projectDirPath = "";
			projectRoot = "";
			targets = (
				C2A81C592AFF702F004F5B11 /* InvestApp */,
			);
		};
/* End PBXProject section */

/* Begin PBXResourcesBuildPhase section */
		C2A81C582AFF702F004F5B11 /* Resources */ = {
			isa = PBXResourcesBuildPhase;
			buildActionMask = 2147483647;
			files = (
				C2D02CAB2B15321000011A82 /* PopupViewController.storyboard in Resources */,
				C2A81C6A2AFF7030004F5B11 /* LaunchScreen.storyboard in Resources */,
				C2F7146F2B0FC4A800F85B2A /* location.csv in Resources */,
				C2F714872B139A2D00F85B2A /* MyKeyboardView.xib in Resources */,
				C2A81C672AFF7030004F5B11 /* Assets.xcassets in Resources */,
				C2A81C652AFF702F004F5B11 /* Main.storyboard in Resources */,
				C288756B2B087A5000909EF7 /* HomeStockCell.xib in Resources */,
				C2F714712B0FCE2800F85B2A /* StockList.csv in Resources */,
			);
			runOnlyForDeploymentPostprocessing = 0;
		};
/* End PBXResourcesBuildPhase section */

/* Begin PBXShellScriptBuildPhase section */
		536E11973815139D7D1B0884 /* [CP] Embed Pods Frameworks */ = {
			isa = PBXShellScriptBuildPhase;
			buildActionMask = 2147483647;
			files = (
			);
			inputFileListPaths = (
				"${PODS_ROOT}/Target Support Files/Pods-InvestApp/Pods-InvestApp-frameworks-${CONFIGURATION}-input-files.xcfilelist",
			);
			name = "[CP] Embed Pods Frameworks";
			outputFileListPaths = (
				"${PODS_ROOT}/Target Support Files/Pods-InvestApp/Pods-InvestApp-frameworks-${CONFIGURATION}-output-files.xcfilelist",
			);
			runOnlyForDeploymentPostprocessing = 0;
			shellPath = /bin/sh;
			shellScript = "\"${PODS_ROOT}/Target Support Files/Pods-InvestApp/Pods-InvestApp-frameworks.sh\"\n";
			showEnvVarsInLog = 0;
		};
		F1830C74EB50B1776FE243F4 /* [CP] Check Pods Manifest.lock */ = {
			isa = PBXShellScriptBuildPhase;
			buildActionMask = 2147483647;
			files = (
			);
			inputFileListPaths = (
			);
			inputPaths = (
				"${PODS_PODFILE_DIR_PATH}/Podfile.lock",
				"${PODS_ROOT}/Manifest.lock",
			);
			name = "[CP] Check Pods Manifest.lock";
			outputFileListPaths = (
			);
			outputPaths = (
				"$(DERIVED_FILE_DIR)/Pods-InvestApp-checkManifestLockResult.txt",
			);
			runOnlyForDeploymentPostprocessing = 0;
			shellPath = /bin/sh;
			shellScript = "diff \"${PODS_PODFILE_DIR_PATH}/Podfile.lock\" \"${PODS_ROOT}/Manifest.lock\" > /dev/null\nif [ $? != 0 ] ; then\n    # print error to STDERR\n    echo \"error: The sandbox is not in sync with the Podfile.lock. Run 'pod install' or update your CocoaPods installation.\" >&2\n    exit 1\nfi\n# This output is used by Xcode 'outputs' to avoid re-running this script phase.\necho \"SUCCESS\" > \"${SCRIPT_OUTPUT_FILE_0}\"\n";
			showEnvVarsInLog = 0;
		};
/* End PBXShellScriptBuildPhase section */

/* Begin PBXSourcesBuildPhase section */
		C2A81C562AFF702F004F5B11 /* Sources */ = {
			isa = PBXSourcesBuildPhase;
			buildActionMask = 2147483647;
			files = (
				C2F714832B12C84B00F85B2A /* OrderConfirmViewController.swift in Sources */,
				C2F714892B139A8300F85B2A /* MyKeyboardView.swift in Sources */,
				C28875882B0936D200909EF7 /* DetailViewController.swift in Sources */,
				C28875902B0A171000909EF7 /* AccountData.swift in Sources */,
				C288756D2B08818000909EF7 /* StockData.swift in Sources */,
				C2D02CAD2B153D0500011A82 /* OrderCompleteViewController.swift in Sources */,
				C288756A2B087A5000909EF7 /* HomeStockCell.swift in Sources */,
				C28875712B089E4500909EF7 /* AccessTokenData.swift in Sources */,
				C288758A2B09462B00909EF7 /* APIService.swift in Sources */,
				C2F7147F2B12A1E400F85B2A /* AccountViewController.swift in Sources */,
				C28875592B078CC400909EF7 /* K.swift in Sources */,
				C2F714852B12CA7000F85B2A /* OrderCompleteView.swift in Sources */,
				C2F714812B12B6B500F85B2A /* OrderCashViewController.swift in Sources */,
				C2F714732B121A5000F85B2A /* TradingTMViewController.swift in Sources */,
				C2F714752B121B7B00F85B2A /* OrderCashTabViewController.swift in Sources */,
				C2F714792B1230B700F85B2A /* TabBarController.swift in Sources */,
				C2F7146B2B0F5AE500F85B2A /* TradingManager.swift in Sources */,
				C2A81C5E2AFF702F004F5B11 /* AppDelegate.swift in Sources */,
				C2F7147B2B12800700F85B2A /* OrderCashTabView.swift in Sources */,
				C2F7147D2B12823600F85B2A /* RvsecnclTabView.swift in Sources */,
				C2A81C602AFF702F004F5B11 /* SceneDelegate.swift in Sources */,
				C2D02CA52B14246B00011A82 /* OrderCashModel.swift in Sources */,
				C288756F2B08833C00909EF7 /* StockManager.swift in Sources */,
				C28875732B08ADA100909EF7 /* StockModel.swift in Sources */,
				C28875672B0876DA00909EF7 /* HomeViewController.swift in Sources */,
				C288758E2B09FCB500909EF7 /* OrderCashData.swift in Sources */,
				C2D02CA72B15307400011A82 /* PopupViewController.swift in Sources */,
			);
			runOnlyForDeploymentPostprocessing = 0;
		};
/* End PBXSourcesBuildPhase section */

/* Begin PBXVariantGroup section */
		C2A81C632AFF702F004F5B11 /* Main.storyboard */ = {
			isa = PBXVariantGroup;
			children = (
				C2A81C642AFF702F004F5B11 /* Base */,
			);
			name = Main.storyboard;
			sourceTree = "<group>";
		};
		C2A81C682AFF7030004F5B11 /* LaunchScreen.storyboard */ = {
			isa = PBXVariantGroup;
			children = (
				C2A81C692AFF7030004F5B11 /* Base */,
			);
			name = LaunchScreen.storyboard;
			sourceTree = "<group>";
		};
/* End PBXVariantGroup section */

/* Begin XCBuildConfiguration section */
		C2A81C6C2AFF7030004F5B11 /* Debug */ = {
			isa = XCBuildConfiguration;
			buildSettings = {
				ALWAYS_SEARCH_USER_PATHS = NO;
				CLANG_ANALYZER_NONNULL = YES;
				CLANG_ANALYZER_NUMBER_OBJECT_CONVERSION = YES_AGGRESSIVE;
				CLANG_CXX_LANGUAGE_STANDARD = "gnu++17";
				CLANG_CXX_LIBRARY = "libc++";
				CLANG_ENABLE_MODULES = YES;
				CLANG_ENABLE_OBJC_ARC = YES;
				CLANG_ENABLE_OBJC_WEAK = YES;
				CLANG_WARN_BLOCK_CAPTURE_AUTORELEASING = YES;
				CLANG_WARN_BOOL_CONVERSION = YES;
				CLANG_WARN_COMMA = YES;
				CLANG_WARN_CONSTANT_CONVERSION = YES;
				CLANG_WARN_DEPRECATED_OBJC_IMPLEMENTATIONS = YES;
				CLANG_WARN_DIRECT_OBJC_ISA_USAGE = YES_ERROR;
				CLANG_WARN_DOCUMENTATION_COMMENTS = YES;
				CLANG_WARN_EMPTY_BODY = YES;
				CLANG_WARN_ENUM_CONVERSION = YES;
				CLANG_WARN_INFINITE_RECURSION = YES;
				CLANG_WARN_INT_CONVERSION = YES;
				CLANG_WARN_NON_LITERAL_NULL_CONVERSION = YES;
				CLANG_WARN_OBJC_IMPLICIT_RETAIN_SELF = YES;
				CLANG_WARN_OBJC_LITERAL_CONVERSION = YES;
				CLANG_WARN_OBJC_ROOT_CLASS = YES_ERROR;
				CLANG_WARN_QUOTED_INCLUDE_IN_FRAMEWORK_HEADER = YES;
				CLANG_WARN_RANGE_LOOP_ANALYSIS = YES;
				CLANG_WARN_STRICT_PROTOTYPES = YES;
				CLANG_WARN_SUSPICIOUS_MOVE = YES;
				CLANG_WARN_UNGUARDED_AVAILABILITY = YES_AGGRESSIVE;
				CLANG_WARN_UNREACHABLE_CODE = YES;
				CLANG_WARN__DUPLICATE_METHOD_MATCH = YES;
				COPY_PHASE_STRIP = NO;
				DEBUG_INFORMATION_FORMAT = dwarf;
				ENABLE_STRICT_OBJC_MSGSEND = YES;
				ENABLE_TESTABILITY = YES;
				GCC_C_LANGUAGE_STANDARD = gnu11;
				GCC_DYNAMIC_NO_PIC = NO;
				GCC_NO_COMMON_BLOCKS = YES;
				GCC_OPTIMIZATION_LEVEL = 0;
				GCC_PREPROCESSOR_DEFINITIONS = (
					"DEBUG=1",
					"$(inherited)",
				);
				GCC_WARN_64_TO_32_BIT_CONVERSION = YES;
				GCC_WARN_ABOUT_RETURN_TYPE = YES_ERROR;
				GCC_WARN_UNDECLARED_SELECTOR = YES;
				GCC_WARN_UNINITIALIZED_AUTOS = YES_AGGRESSIVE;
				GCC_WARN_UNUSED_FUNCTION = YES;
				GCC_WARN_UNUSED_VARIABLE = YES;
				IPHONEOS_DEPLOYMENT_TARGET = 15.0;
				MTL_ENABLE_DEBUG_INFO = INCLUDE_SOURCE;
				MTL_FAST_MATH = YES;
				ONLY_ACTIVE_ARCH = YES;
				SDKROOT = iphoneos;
				SWIFT_ACTIVE_COMPILATION_CONDITIONS = DEBUG;
				SWIFT_OPTIMIZATION_LEVEL = "-Onone";
			};
			name = Debug;
		};
		C2A81C6D2AFF7030004F5B11 /* Release */ = {
			isa = XCBuildConfiguration;
			buildSettings = {
				ALWAYS_SEARCH_USER_PATHS = NO;
				CLANG_ANALYZER_NONNULL = YES;
				CLANG_ANALYZER_NUMBER_OBJECT_CONVERSION = YES_AGGRESSIVE;
				CLANG_CXX_LANGUAGE_STANDARD = "gnu++17";
				CLANG_CXX_LIBRARY = "libc++";
				CLANG_ENABLE_MODULES = YES;
				CLANG_ENABLE_OBJC_ARC = YES;
				CLANG_ENABLE_OBJC_WEAK = YES;
				CLANG_WARN_BLOCK_CAPTURE_AUTORELEASING = YES;
				CLANG_WARN_BOOL_CONVERSION = YES;
				CLANG_WARN_COMMA = YES;
				CLANG_WARN_CONSTANT_CONVERSION = YES;
				CLANG_WARN_DEPRECATED_OBJC_IMPLEMENTATIONS = YES;
				CLANG_WARN_DIRECT_OBJC_ISA_USAGE = YES_ERROR;
				CLANG_WARN_DOCUMENTATION_COMMENTS = YES;
				CLANG_WARN_EMPTY_BODY = YES;
				CLANG_WARN_ENUM_CONVERSION = YES;
				CLANG_WARN_INFINITE_RECURSION = YES;
				CLANG_WARN_INT_CONVERSION = YES;
				CLANG_WARN_NON_LITERAL_NULL_CONVERSION = YES;
				CLANG_WARN_OBJC_IMPLICIT_RETAIN_SELF = YES;
				CLANG_WARN_OBJC_LITERAL_CONVERSION = YES;
				CLANG_WARN_OBJC_ROOT_CLASS = YES_ERROR;
				CLANG_WARN_QUOTED_INCLUDE_IN_FRAMEWORK_HEADER = YES;
				CLANG_WARN_RANGE_LOOP_ANALYSIS = YES;
				CLANG_WARN_STRICT_PROTOTYPES = YES;
				CLANG_WARN_SUSPICIOUS_MOVE = YES;
				CLANG_WARN_UNGUARDED_AVAILABILITY = YES_AGGRESSIVE;
				CLANG_WARN_UNREACHABLE_CODE = YES;
				CLANG_WARN__DUPLICATE_METHOD_MATCH = YES;
				COPY_PHASE_STRIP = NO;
				DEBUG_INFORMATION_FORMAT = "dwarf-with-dsym";
				ENABLE_NS_ASSERTIONS = NO;
				ENABLE_STRICT_OBJC_MSGSEND = YES;
				GCC_C_LANGUAGE_STANDARD = gnu11;
				GCC_NO_COMMON_BLOCKS = YES;
				GCC_WARN_64_TO_32_BIT_CONVERSION = YES;
				GCC_WARN_ABOUT_RETURN_TYPE = YES_ERROR;
				GCC_WARN_UNDECLARED_SELECTOR = YES;
				GCC_WARN_UNINITIALIZED_AUTOS = YES_AGGRESSIVE;
				GCC_WARN_UNUSED_FUNCTION = YES;
				GCC_WARN_UNUSED_VARIABLE = YES;
				IPHONEOS_DEPLOYMENT_TARGET = 15.0;
				MTL_ENABLE_DEBUG_INFO = NO;
				MTL_FAST_MATH = YES;
				SDKROOT = iphoneos;
				SWIFT_COMPILATION_MODE = wholemodule;
				SWIFT_OPTIMIZATION_LEVEL = "-O";
				VALIDATE_PRODUCT = YES;
			};
			name = Release;
		};
		C2A81C6F2AFF7030004F5B11 /* Debug */ = {
			isa = XCBuildConfiguration;
			baseConfigurationReference = 77927A8C39D19396D9454AAA /* Pods-InvestApp.debug.xcconfig */;
			buildSettings = {
				ASSETCATALOG_COMPILER_APPICON_NAME = AppIcon;
				ASSETCATALOG_COMPILER_GLOBAL_ACCENT_COLOR_NAME = AccentColor;
				CODE_SIGN_STYLE = Automatic;
				CURRENT_PROJECT_VERSION = 1;
				DEVELOPMENT_TEAM = 2VXBP2UH8J;
				GENERATE_INFOPLIST_FILE = YES;
				INFOPLIST_FILE = InvestApp/Info.plist;
				INFOPLIST_KEY_UIApplicationSupportsIndirectInputEvents = YES;
				INFOPLIST_KEY_UILaunchStoryboardName = LaunchScreen;
				INFOPLIST_KEY_UIMainStoryboardFile = Main;
				INFOPLIST_KEY_UISupportedInterfaceOrientations_iPad = "UIInterfaceOrientationPortrait UIInterfaceOrientationPortraitUpsideDown UIInterfaceOrientationLandscapeLeft UIInterfaceOrientationLandscapeRight";
				INFOPLIST_KEY_UISupportedInterfaceOrientations_iPhone = "UIInterfaceOrientationPortrait UIInterfaceOrientationLandscapeLeft UIInterfaceOrientationLandscapeRight";
				LD_RUNPATH_SEARCH_PATHS = (
					"$(inherited)",
					"@executable_path/Frameworks",
				);
				MARKETING_VERSION = 1.0;
				PRODUCT_BUNDLE_IDENTIFIER = com.hyomin.InvestApp;
				PRODUCT_NAME = "$(TARGET_NAME)";
				SWIFT_EMIT_LOC_STRINGS = YES;
				SWIFT_VERSION = 5.0;
				TARGETED_DEVICE_FAMILY = "1,2";
			};
			name = Debug;
		};
		C2A81C702AFF7030004F5B11 /* Release */ = {
			isa = XCBuildConfiguration;
			baseConfigurationReference = E79728C7B830F6102A429422 /* Pods-InvestApp.release.xcconfig */;
			buildSettings = {
				ASSETCATALOG_COMPILER_APPICON_NAME = AppIcon;
				ASSETCATALOG_COMPILER_GLOBAL_ACCENT_COLOR_NAME = AccentColor;
				CODE_SIGN_STYLE = Automatic;
				CURRENT_PROJECT_VERSION = 1;
				DEVELOPMENT_TEAM = 2VXBP2UH8J;
				GENERATE_INFOPLIST_FILE = YES;
				INFOPLIST_FILE = InvestApp/Info.plist;
				INFOPLIST_KEY_UIApplicationSupportsIndirectInputEvents = YES;
				INFOPLIST_KEY_UILaunchStoryboardName = LaunchScreen;
				INFOPLIST_KEY_UIMainStoryboardFile = Main;
				INFOPLIST_KEY_UISupportedInterfaceOrientations_iPad = "UIInterfaceOrientationPortrait UIInterfaceOrientationPortraitUpsideDown UIInterfaceOrientationLandscapeLeft UIInterfaceOrientationLandscapeRight";
				INFOPLIST_KEY_UISupportedInterfaceOrientations_iPhone = "UIInterfaceOrientationPortrait UIInterfaceOrientationLandscapeLeft UIInterfaceOrientationLandscapeRight";
				LD_RUNPATH_SEARCH_PATHS = (
					"$(inherited)",
					"@executable_path/Frameworks",
				);
				MARKETING_VERSION = 1.0;
				PRODUCT_BUNDLE_IDENTIFIER = com.hyomin.InvestApp;
				PRODUCT_NAME = "$(TARGET_NAME)";
				SWIFT_EMIT_LOC_STRINGS = YES;
				SWIFT_VERSION = 5.0;
				TARGETED_DEVICE_FAMILY = "1,2";
			};
			name = Release;
		};
/* End XCBuildConfiguration section */

/* Begin XCConfigurationList section */
		C2A81C552AFF702F004F5B11 /* Build configuration list for PBXProject "InvestApp" */ = {
			isa = XCConfigurationList;
			buildConfigurations = (
				C2A81C6C2AFF7030004F5B11 /* Debug */,
				C2A81C6D2AFF7030004F5B11 /* Release */,
			);
			defaultConfigurationIsVisible = 0;
			defaultConfigurationName = Release;
		};
		C2A81C6E2AFF7030004F5B11 /* Build configuration list for PBXNativeTarget "InvestApp" */ = {
			isa = XCConfigurationList;
			buildConfigurations = (
				C2A81C6F2AFF7030004F5B11 /* Debug */,
				C2A81C702AFF7030004F5B11 /* Release */,
			);
			defaultConfigurationIsVisible = 0;
			defaultConfigurationName = Release;
		};
/* End XCConfigurationList section */
	};
	rootObject = C2A81C522AFF702F004F5B11 /* Project object */;
}
